{
  "requires": true,
  "lockfileVersion": 1,
  "dependencies": {
    "@vue/devtools-api": {
      "version": "6.2.1",
      "resolved": "https://registry.npmjs.org/@vue/devtools-api/-/devtools-api-6.2.1.tgz",
      "integrity": "sha512-OEgAMeQXvCoJ+1x8WyQuVZzFo0wcyCmUR3baRVLmKBo1LmYZWMlRiXlux5jd0fqVJu6PfDbOrZItVqUEzLobeQ=="
    },
    "vue-router": {
      "version": "4.1.5",
      "resolved": "https://registry.npmjs.org/vue-router/-/vue-router-4.1.5.tgz",
      "integrity": "sha512-IsvoF5D2GQ/EGTs/Th4NQms9gd2NSqV+yylxIyp/OYp8xOwxmU8Kj/74E9DTSYAyH5LX7idVUngN3JSj1X4xcQ==",
      "requires": {
        "@vue/devtools-api": "^6.1.4"
      }
    }
  }
}
